
Microsoft Visual Studio Solution File, Format Version 12.00
# Visual Studio Version 17
VisualStudioVersion = 17.4.33122.133
MinimumVisualStudioVersion = 10.0.40219.1
Project("{FAE04EC0-301F-11D3-BF4B-00C04F79EFBC}") = "Api", "Api\Api.csproj", "{399FFEFF-8F53-4C04-A7DE-A254BE3EA682}"
EndProject
Global
	GlobalSection(SolutionConfigurationPlatforms) = preSolution
		Debug|Any CPU = Debug|Any CPU
		Release|Any CPU = Release|Any CPU
	EndGlobalSection
	GlobalSection(ProjectConfigurationPlatforms) = postSolution
		{399FFEFF-8F53-4C04-A7DE-A254BE3EA682}.Debug|Any CPU.ActiveCfg = Debug|Any CPU
		{399FFEFF-8F53-4C04-A7DE-A254BE3EA682}.Debug|Any CPU.Build.0 = Debug|Any CPU
		{399FFEFF-8F53-4C04-A7DE-A254BE3EA682}.Release|Any CPU.ActiveCfg = Release|Any CPU
		{399FFEFF-8F53-4C04-A7DE-A254BE3EA682}.Release|Any CPU.Build.0 = Release|Any CPU
	EndGlobalSection
	GlobalSection(SolutionProperties) = preSolution
		HideSolutionNode = FALSE
	EndGlobalSection
	GlobalSection(ExtensibilityGlobals) = postSolution
		SolutionGuid = {0FA38C64-9127-41D0-A453-C84774614BDE}
	EndGlobalSection
EndGlobal
